// !$*UTF8*$!
{
	archiveVersion = 1;
	classes = {
	};
	objectVersion = 56;
	objects = {

/* Begin PBXBuildFile section */
		D98091872B29DF1F00FDD8DC /* Alamofire in Frameworks */ = {isa = PBXBuildFile; productRef = D98091862B29DF1F00FDD8DC /* Alamofire */; };
		D9B65BB62B0233E100ECECD8 /* WebService.swift in Sources */ = {isa = PBXBuildFile; fileRef = D9B65BB52B0233E100ECECD8 /* WebService.swift */; };
		D9C744432B27A3F2000DB4C1 /* extensions.swift in Sources */ = {isa = PBXBuildFile; fileRef = D9C744422B27A3F2000DB4C1 /* extensions.swift */; };
		D9C744452B27A5A7000DB4C1 /* NearbyPlaces.swift in Sources */ = {isa = PBXBuildFile; fileRef = D9C744442B27A5A7000DB4C1 /* NearbyPlaces.swift */; };
		D9CC8F7F2B04F92C00232FDE /* Gemeinde.swift in Sources */ = {isa = PBXBuildFile; fileRef = D9CC8F7E2B04F92C00232FDE /* Gemeinde.swift */; };
		D9CC91F02AF98C1F00EE1661 /* gemeinde_kompass_360App.swift in Sources */ = {isa = PBXBuildFile; fileRef = D9CC91EF2AF98C1F00EE1661 /* gemeinde_kompass_360App.swift */; };
		D9CC91F22AF98C1F00EE1661 /* ContentView.swift in Sources */ = {isa = PBXBuildFile; fileRef = D9CC91F12AF98C1F00EE1661 /* ContentView.swift */; };
		D9CC91F42AF98C1F00EE1661 /* Item.swift in Sources */ = {isa = PBXBuildFile; fileRef = D9CC91F32AF98C1F00EE1661 /* Item.swift */; };
		D9CC91F62AF98C2000EE1661 /* Assets.xcassets in Resources */ = {isa = PBXBuildFile; fileRef = D9CC91F52AF98C2000EE1661 /* Assets.xcassets */; };
		D9CC91F92AF98C2000EE1661 /* Preview Assets.xcassets in Resources */ = {isa = PBXBuildFile; fileRef = D9CC91F82AF98C2000EE1661 /* Preview Assets.xcassets */; };
		D9CC92052AF98C2000EE1661 /* gemeinde_kompass_360Tests.swift in Sources */ = {isa = PBXBuildFile; fileRef = D9CC92042AF98C2000EE1661 /* gemeinde_kompass_360Tests.swift */; };
		D9CC920F2AF98C2000EE1661 /* gemeinde_kompass_360UITests.swift in Sources */ = {isa = PBXBuildFile; fileRef = D9CC920E2AF98C2000EE1661 /* gemeinde_kompass_360UITests.swift */; };
		D9CC92112AF98C2000EE1661 /* gemeinde_kompass_360UITestsLaunchTests.swift in Sources */ = {isa = PBXBuildFile; fileRef = D9CC92102AF98C2000EE1661 /* gemeinde_kompass_360UITestsLaunchTests.swift */; };
		D9CC921F2AF9906E00EE1661 /* Favourites.swift in Sources */ = {isa = PBXBuildFile; fileRef = D9CC921E2AF9906E00EE1661 /* Favourites.swift */; };
		D9CC92212AF9908100EE1661 /* Home.swift in Sources */ = {isa = PBXBuildFile; fileRef = D9CC92202AF9908100EE1661 /* Home.swift */; };
		D9CC92232AF9909300EE1661 /* Search.swift in Sources */ = {isa = PBXBuildFile; fileRef = D9CC92222AF9909300EE1661 /* Search.swift */; };
/* End PBXBuildFile section */

/* Begin PBXContainerItemProxy section */
		D9CC92012AF98C2000EE1661 /* PBXContainerItemProxy */ = {
			isa = PBXContainerItemProxy;
			containerPortal = D9CC91E42AF98C1F00EE1661 /* Project object */;
			proxyType = 1;
			remoteGlobalIDString = D9CC91EB2AF98C1F00EE1661;
			remoteInfo = "gemeinde-kompass-360";
		};
		D9CC920B2AF98C2000EE1661 /* PBXContainerItemProxy */ = {
			isa = PBXContainerItemProxy;
			containerPortal = D9CC91E42AF98C1F00EE1661 /* Project object */;
			proxyType = 1;
			remoteGlobalIDString = D9CC91EB2AF98C1F00EE1661;
			remoteInfo = "gemeinde-kompass-360";
		};
/* End PBXContainerItemProxy section */

/* Begin PBXFileReference section */
		D9B65BB52B0233E100ECECD8 /* WebService.swift */ = {isa = PBXFileReference; lastKnownFileType = sourcecode.swift; path = WebService.swift; sourceTree = "<group>"; };
		D9C744422B27A3F2000DB4C1 /* extensions.swift */ = {isa = PBXFileReference; lastKnownFileType = sourcecode.swift; path = extensions.swift; sourceTree = "<group>"; };
		D9C744442B27A5A7000DB4C1 /* NearbyPlaces.swift */ = {isa = PBXFileReference; lastKnownFileType = sourcecode.swift; path = NearbyPlaces.swift; sourceTree = "<group>"; };
		D9CC8F7E2B04F92C00232FDE /* Gemeinde.swift */ = {isa = PBXFileReference; lastKnownFileType = sourcecode.swift; path = Gemeinde.swift; sourceTree = "<group>"; };
		D9CC91EC2AF98C1F00EE1661 /* gemeinde-kompass-360.app */ = {isa = PBXFileReference; explicitFileType = wrapper.application; includeInIndex = 0; path = "gemeinde-kompass-360.app"; sourceTree = BUILT_PRODUCTS_DIR; };
		D9CC91EF2AF98C1F00EE1661 /* gemeinde_kompass_360App.swift */ = {isa = PBXFileReference; lastKnownFileType = sourcecode.swift; path = gemeinde_kompass_360App.swift; sourceTree = "<group>"; };
		D9CC91F12AF98C1F00EE1661 /* ContentView.swift */ = {isa = PBXFileReference; lastKnownFileType = sourcecode.swift; path = ContentView.swift; sourceTree = "<group>"; };
		D9CC91F32AF98C1F00EE1661 /* Item.swift */ = {isa = PBXFileReference; lastKnownFileType = sourcecode.swift; path = Item.swift; sourceTree = "<group>"; };
		D9CC91F52AF98C2000EE1661 /* Assets.xcassets */ = {isa = PBXFileReference; lastKnownFileType = folder.assetcatalog; path = Assets.xcassets; sourceTree = "<group>"; };
		D9CC91F82AF98C2000EE1661 /* Preview Assets.xcassets */ = {isa = PBXFileReference; lastKnownFileType = folder.assetcatalog; path = "Preview Assets.xcassets"; sourceTree = "<group>"; };
		D9CC91FA2AF98C2000EE1661 /* gemeinde_kompass_360.entitlements */ = {isa = PBXFileReference; lastKnownFileType = text.plist.entitlements; path = gemeinde_kompass_360.entitlements; sourceTree = "<group>"; };
		D9CC91FB2AF98C2000EE1661 /* Info.plist */ = {isa = PBXFileReference; lastKnownFileType = text.plist.xml; path = Info.plist; sourceTree = "<group>"; };
		D9CC92002AF98C2000EE1661 /* gemeinde-kompass-360Tests.xctest */ = {isa = PBXFileReference; explicitFileType = wrapper.cfbundle; includeInIndex = 0; path = "gemeinde-kompass-360Tests.xctest"; sourceTree = BUILT_PRODUCTS_DIR; };
		D9CC92042AF98C2000EE1661 /* gemeinde_kompass_360Tests.swift */ = {isa = PBXFileReference; lastKnownFileType = sourcecode.swift; path = gemeinde_kompass_360Tests.swift; sourceTree = "<group>"; };
		D9CC920A2AF98C2000EE1661 /* gemeinde-kompass-360UITests.xctest */ = {isa = PBXFileReference; explicitFileType = wrapper.cfbundle; includeInIndex = 0; path = "gemeinde-kompass-360UITests.xctest"; sourceTree = BUILT_PRODUCTS_DIR; };
		D9CC920E2AF98C2000EE1661 /* gemeinde_kompass_360UITests.swift */ = {isa = PBXFileReference; lastKnownFileType = sourcecode.swift; path = gemeinde_kompass_360UITests.swift; sourceTree = "<group>"; };
		D9CC92102AF98C2000EE1661 /* gemeinde_kompass_360UITestsLaunchTests.swift */ = {isa = PBXFileReference; lastKnownFileType = sourcecode.swift; path = gemeinde_kompass_360UITestsLaunchTests.swift; sourceTree = "<group>"; };
		D9CC921E2AF9906E00EE1661 /* Favourites.swift */ = {isa = PBXFileReference; lastKnownFileType = sourcecode.swift; path = Favourites.swift; sourceTree = "<group>"; };
		D9CC92202AF9908100EE1661 /* Home.swift */ = {isa = PBXFileReference; lastKnownFileType = sourcecode.swift; path = Home.swift; sourceTree = "<group>"; };
		D9CC92222AF9909300EE1661 /* Search.swift */ = {isa = PBXFileReference; lastKnownFileType = sourcecode.swift; path = Search.swift; sourceTree = "<group>"; };
/* End PBXFileReference section */

/* Begin PBXFrameworksBuildPhase section */
		D9CC91E92AF98C1F00EE1661 /* Frameworks */ = {
			isa = PBXFrameworksBuildPhase;
			buildActionMask = 2147483647;
			files = (
				D98091872B29DF1F00FDD8DC /* Alamofire in Frameworks */,
			);
			runOnlyForDeploymentPostprocessing = 0;
		};
		D9CC91FD2AF98C2000EE1661 /* Frameworks */ = {
			isa = PBXFrameworksBuildPhase;
			buildActionMask = 2147483647;
			files = (
			);
			runOnlyForDeploymentPostprocessing = 0;
		};
		D9CC92072AF98C2000EE1661 /* Frameworks */ = {
			isa = PBXFrameworksBuildPhase;
			buildActionMask = 2147483647;
			files = (
			);
			runOnlyForDeploymentPostprocessing = 0;
		};
/* End PBXFrameworksBuildPhase section */

/* Begin PBXGroup section */
		D9CC91E32AF98C1F00EE1661 = {
			isa = PBXGroup;
			children = (
				D9CC91EE2AF98C1F00EE1661 /* gemeinde-kompass-360 */,
				D9CC92032AF98C2000EE1661 /* gemeinde-kompass-360Tests */,
				D9CC920D2AF98C2000EE1661 /* gemeinde-kompass-360UITests */,
				D9CC91ED2AF98C1F00EE1661 /* Products */,
			);
			sourceTree = "<group>";
		};
		D9CC91ED2AF98C1F00EE1661 /* Products */ = {
			isa = PBXGroup;
			children = (
				D9CC91EC2AF98C1F00EE1661 /* gemeinde-kompass-360.app */,
				D9CC92002AF98C2000EE1661 /* gemeinde-kompass-360Tests.xctest */,
				D9CC920A2AF98C2000EE1661 /* gemeinde-kompass-360UITests.xctest */,
			);
			name = Products;
			sourceTree = "<group>";
		};
		D9CC91EE2AF98C1F00EE1661 /* gemeinde-kompass-360 */ = {
			isa = PBXGroup;
			children = (
				D9CC921D2AF9903600EE1661 /* Views */,
				D9CC91EF2AF98C1F00EE1661 /* gemeinde_kompass_360App.swift */,
				D9CC91F12AF98C1F00EE1661 /* ContentView.swift */,
				D9CC91F32AF98C1F00EE1661 /* Item.swift */,
				D9CC91F52AF98C2000EE1661 /* Assets.xcassets */,
				D9CC91FA2AF98C2000EE1661 /* gemeinde_kompass_360.entitlements */,
				D9CC91FB2AF98C2000EE1661 /* Info.plist */,
				D9CC91F72AF98C2000EE1661 /* Preview Content */,
				D9B65BB52B0233E100ECECD8 /* WebService.swift */,
				D9C744422B27A3F2000DB4C1 /* extensions.swift */,
				D9C744442B27A5A7000DB4C1 /* NearbyPlaces.swift */,
			);
			path = "gemeinde-kompass-360";
			sourceTree = "<group>";
		};
		D9CC91F72AF98C2000EE1661 /* Preview Content */ = {
			isa = PBXGroup;
			children = (
				D9CC91F82AF98C2000EE1661 /* Preview Assets.xcassets */,
			);
			path = "Preview Content";
			sourceTree = "<group>";
		};
		D9CC92032AF98C2000EE1661 /* gemeinde-kompass-360Tests */ = {
			isa = PBXGroup;
			children = (
				D9CC92042AF98C2000EE1661 /* gemeinde_kompass_360Tests.swift */,
			);
			path = "gemeinde-kompass-360Tests";
			sourceTree = "<group>";
		};
		D9CC920D2AF98C2000EE1661 /* gemeinde-kompass-360UITests */ = {
			isa = PBXGroup;
			children = (
				D9CC920E2AF98C2000EE1661 /* gemeinde_kompass_360UITests.swift */,
				D9CC92102AF98C2000EE1661 /* gemeinde_kompass_360UITestsLaunchTests.swift */,
			);
			path = "gemeinde-kompass-360UITests";
			sourceTree = "<group>";
		};
		D9CC921D2AF9903600EE1661 /* Views */ = {
			isa = PBXGroup;
			children = (
				D9CC921E2AF9906E00EE1661 /* Favourites.swift */,
				D9CC92202AF9908100EE1661 /* Home.swift */,
				D9CC92222AF9909300EE1661 /* Search.swift */,
				D9CC8F7E2B04F92C00232FDE /* Gemeinde.swift */,
			);
			path = Views;
			sourceTree = "<group>";
		};
/* End PBXGroup section */

/* Begin PBXNativeTarget section */
		D9CC91EB2AF98C1F00EE1661 /* gemeinde-kompass-360 */ = {
			isa = PBXNativeTarget;
			buildConfigurationList = D9CC92142AF98C2000EE1661 /* Build configuration list for PBXNativeTarget "gemeinde-kompass-360" */;
			buildPhases = (
				D9CC91E82AF98C1F00EE1661 /* Sources */,
				D9CC91E92AF98C1F00EE1661 /* Frameworks */,
				D9CC91EA2AF98C1F00EE1661 /* Resources */,
			);
			buildRules = (
			);
			dependencies = (
			);
			name = "gemeinde-kompass-360";
			packageProductDependencies = (
				D98091862B29DF1F00FDD8DC /* Alamofire */,
			);
			productName = "gemeinde-kompass-360";
			productReference = D9CC91EC2AF98C1F00EE1661 /* gemeinde-kompass-360.app */;
			productType = "com.apple.product-type.application";
		};
		D9CC91FF2AF98C2000EE1661 /* gemeinde-kompass-360Tests */ = {
			isa = PBXNativeTarget;
			buildConfigurationList = D9CC92172AF98C2000EE1661 /* Build configuration list for PBXNativeTarget "gemeinde-kompass-360Tests" */;
			buildPhases = (
				D9CC91FC2AF98C2000EE1661 /* Sources */,
				D9CC91FD2AF98C2000EE1661 /* Frameworks */,
				D9CC91FE2AF98C2000EE1661 /* Resources */,
			);
			buildRules = (
			);
			dependencies = (
				D9CC92022AF98C2000EE1661 /* PBXTargetDependency */,
			);
			name = "gemeinde-kompass-360Tests";
			productName = "gemeinde-kompass-360Tests";
			productReference = D9CC92002AF98C2000EE1661 /* gemeinde-kompass-360Tests.xctest */;
			productType = "com.apple.product-type.bundle.unit-test";
		};
		D9CC92092AF98C2000EE1661 /* gemeinde-kompass-360UITests */ = {
			isa = PBXNativeTarget;
			buildConfigurationList = D9CC921A2AF98C2000EE1661 /* Build configuration list for PBXNativeTarget "gemeinde-kompass-360UITests" */;
			buildPhases = (
				D9CC92062AF98C2000EE1661 /* Sources */,
				D9CC92072AF98C2000EE1661 /* Frameworks */,
				D9CC92082AF98C2000EE1661 /* Resources */,
			);
			buildRules = (
			);
			dependencies = (
				D9CC920C2AF98C2000EE1661 /* PBXTargetDependency */,
			);
			name = "gemeinde-kompass-360UITests";
			productName = "gemeinde-kompass-360UITests";
			productReference = D9CC920A2AF98C2000EE1661 /* gemeinde-kompass-360UITests.xctest */;
			productType = "com.apple.product-type.bundle.ui-testing";
		};
/* End PBXNativeTarget section */

/* Begin PBXProject section */
		D9CC91E42AF98C1F00EE1661 /* Project object */ = {
			isa = PBXProject;
			attributes = {
				BuildIndependentTargetsInParallel = 1;
				LastSwiftUpdateCheck = 1500;
				LastUpgradeCheck = 1500;
				TargetAttributes = {
					D9CC91EB2AF98C1F00EE1661 = {
						CreatedOnToolsVersion = 15.0;
					};
					D9CC91FF2AF98C2000EE1661 = {
						CreatedOnToolsVersion = 15.0;
						TestTargetID = D9CC91EB2AF98C1F00EE1661;
					};
					D9CC92092AF98C2000EE1661 = {
						CreatedOnToolsVersion = 15.0;
						TestTargetID = D9CC91EB2AF98C1F00EE1661;
					};
				};
			};
			buildConfigurationList = D9CC91E72AF98C1F00EE1661 /* Build configuration list for PBXProject "gemeinde-kompass-360" */;
			compatibilityVersion = "Xcode 14.0";
			developmentRegion = en;
			hasScannedForEncodings = 0;
			knownRegions = (
				en,
				Base,
			);
			mainGroup = D9CC91E32AF98C1F00EE1661;
			packageReferences = (
				D98091852B29DF1F00FDD8DC /* XCRemoteSwiftPackageReference "Alamofire.git" */,
			);
			productRefGroup = D9CC91ED2AF98C1F00EE1661 /* Products */;
			projectDirPath = "";
			projectRoot = "";
			targets = (
				D9CC91EB2AF98C1F00EE1661 /* gemeinde-kompass-360 */,
				D9CC91FF2AF98C2000EE1661 /* gemeinde-kompass-360Tests */,
				D9CC92092AF98C2000EE1661 /* gemeinde-kompass-360UITests */,
			);
		};
/* End PBXProject section */

/* Begin PBXResourcesBuildPhase section */
		D9CC91EA2AF98C1F00EE1661 /* Resources */ = {
			isa = PBXResourcesBuildPhase;
			buildActionMask = 2147483647;
			files = (
				D9CC91F92AF98C2000EE1661 /* Preview Assets.xcassets in Resources */,
				D9CC91F62AF98C2000EE1661 /* Assets.xcassets in Resources */,
			);
			runOnlyForDeploymentPostprocessing = 0;
		};
		D9CC91FE2AF98C2000EE1661 /* Resources */ = {
			isa = PBXResourcesBuildPhase;
			buildActionMask = 2147483647;
			files = (
			);
			runOnlyForDeploymentPostprocessing = 0;
		};
		D9CC92082AF98C2000EE1661 /* Resources */ = {
			isa = PBXResourcesBuildPhase;
			buildActionMask = 2147483647;
			files = (
			);
			runOnlyForDeploymentPostprocessing = 0;
		};
/* End PBXResourcesBuildPhase section */

/* Begin PBXSourcesBuildPhase section */
		D9CC91E82AF98C1F00EE1661 /* Sources */ = {
			isa = PBXSourcesBuildPhase;
			buildActionMask = 2147483647;
			files = (
				D9C744452B27A5A7000DB4C1 /* NearbyPlaces.swift in Sources */,
				D9CC91F22AF98C1F00EE1661 /* ContentView.swift in Sources */,
				D9CC91F42AF98C1F00EE1661 /* Item.swift in Sources */,
				D9B65BB62B0233E100ECECD8 /* WebService.swift in Sources */,
				D9CC92212AF9908100EE1661 /* Home.swift in Sources */,
				D9CC92232AF9909300EE1661 /* Search.swift in Sources */,
				D9C744432B27A3F2000DB4C1 /* extensions.swift in Sources */,
				D9CC91F02AF98C1F00EE1661 /* gemeinde_kompass_360App.swift in Sources */,
				D9CC921F2AF9906E00EE1661 /* Favourites.swift in Sources */,
				D9CC8F7F2B04F92C00232FDE /* Gemeinde.swift in Sources */,
			);
			runOnlyForDeploymentPostprocessing = 0;
		};
		D9CC91FC2AF98C2000EE1661 /* Sources */ = {
			isa = PBXSourcesBuildPhase;
			buildActionMask = 2147483647;
			files = (
				D9CC92052AF98C2000EE1661 /* gemeinde_kompass_360Tests.swift in Sources */,
			);
			runOnlyForDeploymentPostprocessing = 0;
		};
		D9CC92062AF98C2000EE1661 /* Sources */ = {
			isa = PBXSourcesBuildPhase;
			buildActionMask = 2147483647;
			files = (
				D9CC920F2AF98C2000EE1661 /* gemeinde_kompass_360UITests.swift in Sources */,
				D9CC92112AF98C2000EE1661 /* gemeinde_kompass_360UITestsLaunchTests.swift in Sources */,
			);
			runOnlyForDeploymentPostprocessing = 0;
		};
/* End PBXSourcesBuildPhase section */

/* Begin PBXTargetDependency section */
		D9CC92022AF98C2000EE1661 /* PBXTargetDependency */ = {
			isa = PBXTargetDependency;
			target = D9CC91EB2AF98C1F00EE1661 /* gemeinde-kompass-360 */;
			targetProxy = D9CC92012AF98C2000EE1661 /* PBXContainerItemProxy */;
		};
		D9CC920C2AF98C2000EE1661 /* PBXTargetDependency */ = {
			isa = PBXTargetDependency;
			target = D9CC91EB2AF98C1F00EE1661 /* gemeinde-kompass-360 */;
			targetProxy = D9CC920B2AF98C2000EE1661 /* PBXContainerItemProxy */;
		};
/* End PBXTargetDependency section */

/* Begin XCBuildConfiguration section */
		D9CC92122AF98C2000EE1661 /* Debug */ = {
			isa = XCBuildConfiguration;
			buildSettings = {
				ALWAYS_SEARCH_USER_PATHS = NO;
				ASSETCATALOG_COMPILER_GENERATE_SWIFT_ASSET_SYMBOL_EXTENSIONS = YES;
				CLANG_ANALYZER_NONNULL = YES;
				CLANG_ANALYZER_NUMBER_OBJECT_CONVERSION = YES_AGGRESSIVE;
				CLANG_CXX_LANGUAGE_STANDARD = "gnu++20";
				CLANG_ENABLE_MODULES = YES;
				CLANG_ENABLE_OBJC_ARC = YES;
				CLANG_ENABLE_OBJC_WEAK = YES;
				CLANG_WARN_BLOCK_CAPTURE_AUTORELEASING = YES;
				CLANG_WARN_BOOL_CONVERSION = YES;
				CLANG_WARN_COMMA = YES;
				CLANG_WARN_CONSTANT_CONVERSION = YES;
				CLANG_WARN_DEPRECATED_OBJC_IMPLEMENTATIONS = YES;
				CLANG_WARN_DIRECT_OBJC_ISA_USAGE = YES_ERROR;
				CLANG_WARN_DOCUMENTATION_COMMENTS = YES;
				CLANG_WARN_EMPTY_BODY = YES;
				CLANG_WARN_ENUM_CONVERSION = YES;
				CLANG_WARN_INFINITE_RECURSION = YES;
				CLANG_WARN_INT_CONVERSION = YES;
				CLANG_WARN_NON_LITERAL_NULL_CONVERSION = YES;
				CLANG_WARN_OBJC_IMPLICIT_RETAIN_SELF = YES;
				CLANG_WARN_OBJC_LITERAL_CONVERSION = YES;
				CLANG_WARN_OBJC_ROOT_CLASS = YES_ERROR;
				CLANG_WARN_QUOTED_INCLUDE_IN_FRAMEWORK_HEADER = YES;
				CLANG_WARN_RANGE_LOOP_ANALYSIS = YES;
				CLANG_WARN_STRICT_PROTOTYPES = YES;
				CLANG_WARN_SUSPICIOUS_MOVE = YES;
				CLANG_WARN_UNGUARDED_AVAILABILITY = YES_AGGRESSIVE;
				CLANG_WARN_UNREACHABLE_CODE = YES;
				CLANG_WARN__DUPLICATE_METHOD_MATCH = YES;
				COPY_PHASE_STRIP = NO;
				DEBUG_INFORMATION_FORMAT = dwarf;
				ENABLE_STRICT_OBJC_MSGSEND = YES;
				ENABLE_TESTABILITY = YES;
				ENABLE_USER_SCRIPT_SANDBOXING = YES;
				GCC_C_LANGUAGE_STANDARD = gnu17;
				GCC_DYNAMIC_NO_PIC = NO;
				GCC_NO_COMMON_BLOCKS = YES;
				GCC_OPTIMIZATION_LEVEL = 0;
				GCC_PREPROCESSOR_DEFINITIONS = (
					"DEBUG=1",
					"$(inherited)",
				);
				GCC_WARN_64_TO_32_BIT_CONVERSION = YES;
				GCC_WARN_ABOUT_RETURN_TYPE = YES_ERROR;
				GCC_WARN_UNDECLARED_SELECTOR = YES;
				GCC_WARN_UNINITIALIZED_AUTOS = YES_AGGRESSIVE;
				GCC_WARN_UNUSED_FUNCTION = YES;
				GCC_WARN_UNUSED_VARIABLE = YES;
				IPHONEOS_DEPLOYMENT_TARGET = 16.0;
				LOCALIZATION_PREFERS_STRING_CATALOGS = YES;
				MTL_ENABLE_DEBUG_INFO = INCLUDE_SOURCE;
				MTL_FAST_MATH = YES;
				ONLY_ACTIVE_ARCH = YES;
				SDKROOT = iphoneos;
				SWIFT_ACTIVE_COMPILATION_CONDITIONS = "DEBUG $(inherited)";
				SWIFT_OPTIMIZATION_LEVEL = "-Onone";
			};
			name = Debug;
		};
		D9CC92132AF98C2000EE1661 /* Release */ = {
			isa = XCBuildConfiguration;
			buildSettings = {
				ALWAYS_SEARCH_USER_PATHS = NO;
				ASSETCATALOG_COMPILER_GENERATE_SWIFT_ASSET_SYMBOL_EXTENSIONS = YES;
				CLANG_ANALYZER_NONNULL = YES;
				CLANG_ANALYZER_NUMBER_OBJECT_CONVERSION = YES_AGGRESSIVE;
				CLANG_CXX_LANGUAGE_STANDARD = "gnu++20";
				CLANG_ENABLE_MODULES = YES;
				CLANG_ENABLE_OBJC_ARC = YES;
				CLANG_ENABLE_OBJC_WEAK = YES;
				CLANG_WARN_BLOCK_CAPTURE_AUTORELEASING = YES;
				CLANG_WARN_BOOL_CONVERSION = YES;
				CLANG_WARN_COMMA = YES;
				CLANG_WARN_CONSTANT_CONVERSION = YES;
				CLANG_WARN_DEPRECATED_OBJC_IMPLEMENTATIONS = YES;
				CLANG_WARN_DIRECT_OBJC_ISA_USAGE = YES_ERROR;
				CLANG_WARN_DOCUMENTATION_COMMENTS = YES;
				CLANG_WARN_EMPTY_BODY = YES;
				CLANG_WARN_ENUM_CONVERSION = YES;
				CLANG_WARN_INFINITE_RECURSION = YES;
				CLANG_WARN_INT_CONVERSION = YES;
				CLANG_WARN_NON_LITERAL_NULL_CONVERSION = YES;
				CLANG_WARN_OBJC_IMPLICIT_RETAIN_SELF = YES;
				CLANG_WARN_OBJC_LITERAL_CONVERSION = YES;
				CLANG_WARN_OBJC_ROOT_CLASS = YES_ERROR;
				CLANG_WARN_QUOTED_INCLUDE_IN_FRAMEWORK_HEADER = YES;
				CLANG_WARN_RANGE_LOOP_ANALYSIS = YES;
				CLANG_WARN_STRICT_PROTOTYPES = YES;
				CLANG_WARN_SUSPICIOUS_MOVE = YES;
				CLANG_WARN_UNGUARDED_AVAILABILITY = YES_AGGRESSIVE;
				CLANG_WARN_UNREACHABLE_CODE = YES;
				CLANG_WARN__DUPLICATE_METHOD_MATCH = YES;
				COPY_PHASE_STRIP = NO;
				DEBUG_INFORMATION_FORMAT = "dwarf-with-dsym";
				ENABLE_NS_ASSERTIONS = NO;
				ENABLE_STRICT_OBJC_MSGSEND = YES;
				ENABLE_USER_SCRIPT_SANDBOXING = YES;
				GCC_C_LANGUAGE_STANDARD = gnu17;
				GCC_NO_COMMON_BLOCKS = YES;
				GCC_WARN_64_TO_32_BIT_CONVERSION = YES;
				GCC_WARN_ABOUT_RETURN_TYPE = YES_ERROR;
				GCC_WARN_UNDECLARED_SELECTOR = YES;
				GCC_WARN_UNINITIALIZED_AUTOS = YES_AGGRESSIVE;
				GCC_WARN_UNUSED_FUNCTION = YES;
				GCC_WARN_UNUSED_VARIABLE = YES;
				IPHONEOS_DEPLOYMENT_TARGET = 16.0;
				LOCALIZATION_PREFERS_STRING_CATALOGS = YES;
				MTL_ENABLE_DEBUG_INFO = NO;
				MTL_FAST_MATH = YES;
				SDKROOT = iphoneos;
				SWIFT_COMPILATION_MODE = wholemodule;
				VALIDATE_PRODUCT = YES;
			};
			name = Release;
		};
		D9CC92152AF98C2000EE1661 /* Debug */ = {
			isa = XCBuildConfiguration;
			buildSettings = {
				ASSETCATALOG_COMPILER_APPICON_NAME = AppIcon;
				ASSETCATALOG_COMPILER_GLOBAL_ACCENT_COLOR_NAME = AccentColor;
				CODE_SIGN_ENTITLEMENTS = "gemeinde-kompass-360/gemeinde_kompass_360.entitlements";
				CODE_SIGN_STYLE = Automatic;
				CURRENT_PROJECT_VERSION = 1;
				DEVELOPMENT_ASSET_PATHS = "\"gemeinde-kompass-360/Preview Content\"";
				DEVELOPMENT_TEAM = AS5BHHK5AW;
				ENABLE_PREVIEWS = YES;
				GENERATE_INFOPLIST_FILE = YES;
				INFOPLIST_FILE = "gemeinde-kompass-360/Info.plist";
				INFOPLIST_KEY_CFBundleDisplayName = GK360;
				INFOPLIST_KEY_LSApplicationCategoryType = "public.app-category.lifestyle";
				INFOPLIST_KEY_UIApplicationSceneManifest_Generation = YES;
				INFOPLIST_KEY_UIApplicationSupportsIndirectInputEvents = YES;
				INFOPLIST_KEY_UILaunchScreen_Generation = YES;
				INFOPLIST_KEY_UISupportedInterfaceOrientations_iPad = "UIInterfaceOrientationPortrait UIInterfaceOrientationPortraitUpsideDown UIInterfaceOrientationLandscapeLeft UIInterfaceOrientationLandscapeRight";
				INFOPLIST_KEY_UISupportedInterfaceOrientations_iPhone = "UIInterfaceOrientationPortrait UIInterfaceOrientationLandscapeLeft UIInterfaceOrientationLandscapeRight";
				IPHONEOS_DEPLOYMENT_TARGET = 16.0;
				LD_RUNPATH_SEARCH_PATHS = (
					"$(inherited)",
					"@executable_path/Frameworks",
				);
				MARKETING_VERSION = 1.0;
				PRODUCT_BUNDLE_IDENTIFIER = "sk.alex.polan.gemeinde-kompass-360";
				PRODUCT_NAME = "$(TARGET_NAME)";
				SUPPORTED_PLATFORMS = "iphoneos iphonesimulator";
				SUPPORTS_MACCATALYST = NO;
				SWIFT_EMIT_LOC_STRINGS = YES;
				SWIFT_VERSION = 5.0;
				TARGETED_DEVICE_FAMILY = 1;
			};
			name = Debug;
		};
		D9CC92162AF98C2000EE1661 /* Release */ = {
			isa = XCBuildConfiguration;
			buildSettings = {
				ASSETCATALOG_COMPILER_APPICON_NAME = AppIcon;
				ASSETCATALOG_COMPILER_GLOBAL_ACCENT_COLOR_NAME = AccentColor;
				CODE_SIGN_ENTITLEMENTS = "gemeinde-kompass-360/gemeinde_kompass_360.entitlements";
				CODE_SIGN_STYLE = Automatic;
				CURRENT_PROJECT_VERSION = 1;
				DEVELOPMENT_ASSET_PATHS = "\"gemeinde-kompass-360/Preview Content\"";
				DEVELOPMENT_TEAM = AS5BHHK5AW;
				ENABLE_PREVIEWS = YES;
				GENERATE_INFOPLIST_FILE = YES;
				INFOPLIST_FILE = "gemeinde-kompass-360/Info.plist";
				INFOPLIST_KEY_CFBundleDisplayName = GK360;
				INFOPLIST_KEY_LSApplicationCategoryType = "public.app-category.lifestyle";
				INFOPLIST_KEY_UIApplicationSceneManifest_Generation = YES;
				INFOPLIST_KEY_UIApplicationSupportsIndirectInputEvents = YES;
				INFOPLIST_KEY_UILaunchScreen_Generation = YES;
				INFOPLIST_KEY_UISupportedInterfaceOrientations_iPad = "UIInterfaceOrientationPortrait UIInterfaceOrientationPortraitUpsideDown UIInterfaceOrientationLandscapeLeft UIInterfaceOrientationLandscapeRight";
				INFOPLIST_KEY_UISupportedInterfaceOrientations_iPhone = "UIInterfaceOrientationPortrait UIInterfaceOrientationLandscapeLeft UIInterfaceOrientationLandscapeRight";
				IPHONEOS_DEPLOYMENT_TARGET = 16.0;
				LD_RUNPATH_SEARCH_PATHS = (
					"$(inherited)",
					"@executable_path/Frameworks",
				);
				MARKETING_VERSION = 1.0;
				PRODUCT_BUNDLE_IDENTIFIER = "sk.alex.polan.gemeinde-kompass-360";
				PRODUCT_NAME = "$(TARGET_NAME)";
				SUPPORTED_PLATFORMS = "iphoneos iphonesimulator";
				SUPPORTS_MACCATALYST = NO;
				SWIFT_EMIT_LOC_STRINGS = YES;
				SWIFT_VERSION = 5.0;
				TARGETED_DEVICE_FAMILY = 1;
			};
			name = Release;
		};
		D9CC92182AF98C2000EE1661 /* Debug */ = {
			isa = XCBuildConfiguration;
			buildSettings = {
				ALWAYS_EMBED_SWIFT_STANDARD_LIBRARIES = YES;
				BUNDLE_LOADER = "$(TEST_HOST)";
				CODE_SIGN_STYLE = Automatic;
				CURRENT_PROJECT_VERSION = 1;
				DEVELOPMENT_TEAM = H27JBQK8B5;
				GENERATE_INFOPLIST_FILE = YES;
				IPHONEOS_DEPLOYMENT_TARGET = 17.0;
				MARKETING_VERSION = 1.0;
				PRODUCT_BUNDLE_IDENTIFIER = "sk.alex.polan.gemeinde-kompass-360Tests";
				PRODUCT_NAME = "$(TARGET_NAME)";
				SWIFT_EMIT_LOC_STRINGS = NO;
				SWIFT_VERSION = 5.0;
				TARGETED_DEVICE_FAMILY = "1,2";
				TEST_HOST = "$(BUILT_PRODUCTS_DIR)/gemeinde-kompass-360.app/$(BUNDLE_EXECUTABLE_FOLDER_PATH)/gemeinde-kompass-360";
			};
			name = Debug;
		};
		D9CC92192AF98C2000EE1661 /* Release */ = {
			isa = XCBuildConfiguration;
			buildSettings = {
				ALWAYS_EMBED_SWIFT_STANDARD_LIBRARIES = YES;
				BUNDLE_LOADER = "$(TEST_HOST)";
				CODE_SIGN_STYLE = Automatic;
				CURRENT_PROJECT_VERSION = 1;
				DEVELOPMENT_TEAM = H27JBQK8B5;
				GENERATE_INFOPLIST_FILE = YES;
				IPHONEOS_DEPLOYMENT_TARGET = 17.0;
				MARKETING_VERSION = 1.0;
				PRODUCT_BUNDLE_IDENTIFIER = "sk.alex.polan.gemeinde-kompass-360Tests";
				PRODUCT_NAME = "$(TARGET_NAME)";
				SWIFT_EMIT_LOC_STRINGS = NO;
				SWIFT_VERSION = 5.0;
				TARGETED_DEVICE_FAMILY = "1,2";
				TEST_HOST = "$(BUILT_PRODUCTS_DIR)/gemeinde-kompass-360.app/$(BUNDLE_EXECUTABLE_FOLDER_PATH)/gemeinde-kompass-360";
			};
			name = Release;
		};
		D9CC921B2AF98C2000EE1661 /* Debug */ = {
			isa = XCBuildConfiguration;
			buildSettings = {
				ALWAYS_EMBED_SWIFT_STANDARD_LIBRARIES = YES;
				CODE_SIGN_STYLE = Automatic;
				CURRENT_PROJECT_VERSION = 1;
				DEVELOPMENT_TEAM = H27JBQK8B5;
				GENERATE_INFOPLIST_FILE = YES;
				IPHONEOS_DEPLOYMENT_TARGET = 17.0;
				MARKETING_VERSION = 1.0;
				PRODUCT_BUNDLE_IDENTIFIER = "sk.alex.polan.gemeinde-kompass-360UITests";
				PRODUCT_NAME = "$(TARGET_NAME)";
				SWIFT_EMIT_LOC_STRINGS = NO;
				SWIFT_VERSION = 5.0;
				TARGETED_DEVICE_FAMILY = "1,2";
				TEST_TARGET_NAME = "gemeinde-kompass-360";
			};
			name = Debug;
		};
		D9CC921C2AF98C2000EE1661 /* Release */ = {
			isa = XCBuildConfiguration;
			buildSettings = {
				ALWAYS_EMBED_SWIFT_STANDARD_LIBRARIES = YES;
				CODE_SIGN_STYLE = Automatic;
				CURRENT_PROJECT_VERSION = 1;
				DEVELOPMENT_TEAM = H27JBQK8B5;
				GENERATE_INFOPLIST_FILE = YES;
				IPHONEOS_DEPLOYMENT_TARGET = 17.0;
				MARKETING_VERSION = 1.0;
				PRODUCT_BUNDLE_IDENTIFIER = "sk.alex.polan.gemeinde-kompass-360UITests";
				PRODUCT_NAME = "$(TARGET_NAME)";
				SWIFT_EMIT_LOC_STRINGS = NO;
				SWIFT_VERSION = 5.0;
				TARGETED_DEVICE_FAMILY = "1,2";
				TEST_TARGET_NAME = "gemeinde-kompass-360";
			};
			name = Release;
		};
/* End XCBuildConfiguration section */

/* Begin XCConfigurationList section */
		D9CC91E72AF98C1F00EE1661 /* Build configuration list for PBXProject "gemeinde-kompass-360" */ = {
			isa = XCConfigurationList;
			buildConfigurations = (
				D9CC92122AF98C2000EE1661 /* Debug */,
				D9CC92132AF98C2000EE1661 /* Release */,
			);
			defaultConfigurationIsVisible = 0;
			defaultConfigurationName = Release;
		};
		D9CC92142AF98C2000EE1661 /* Build configuration list for PBXNativeTarget "gemeinde-kompass-360" */ = {
			isa = XCConfigurationList;
			buildConfigurations = (
				D9CC92152AF98C2000EE1661 /* Debug */,
				D9CC92162AF98C2000EE1661 /* Release */,
			);
			defaultConfigurationIsVisible = 0;
			defaultConfigurationName = Release;
		};
		D9CC92172AF98C2000EE1661 /* Build configuration list for PBXNativeTarget "gemeinde-kompass-360Tests" */ = {
			isa = XCConfigurationList;
			buildConfigurations = (
				D9CC92182AF98C2000EE1661 /* Debug */,
				D9CC92192AF98C2000EE1661 /* Release */,
			);
			defaultConfigurationIsVisible = 0;
			defaultConfigurationName = Release;
		};
		D9CC921A2AF98C2000EE1661 /* Build configuration list for PBXNativeTarget "gemeinde-kompass-360UITests" */ = {
			isa = XCConfigurationList;
			buildConfigurations = (
				D9CC921B2AF98C2000EE1661 /* Debug */,
				D9CC921C2AF98C2000EE1661 /* Release */,
			);
			defaultConfigurationIsVisible = 0;
			defaultConfigurationName = Release;
		};
/* End XCConfigurationList section */

/* Begin XCRemoteSwiftPackageReference section */
		D98091852B29DF1F00FDD8DC /* XCRemoteSwiftPackageReference "Alamofire.git" */ = {
			isa = XCRemoteSwiftPackageReference;
			repositoryURL = "https://github.com/Alamofire/Alamofire.git";
			requirement = {
				kind = upToNextMajorVersion;
				minimumVersion = 5.8.1;
			};
		};
/* End XCRemoteSwiftPackageReference section */

/* Begin XCSwiftPackageProductDependency section */
		D98091862B29DF1F00FDD8DC /* Alamofire */ = {
			isa = XCSwiftPackageProductDependency;
			package = D98091852B29DF1F00FDD8DC /* XCRemoteSwiftPackageReference "Alamofire.git" */;
			productName = Alamofire;
		};
/* End XCSwiftPackageProductDependency section */
	};
	rootObject = D9CC91E42AF98C1F00EE1661 /* Project object */;
}
